
Microsoft Visual Studio Solution File, Format Version 12.00
# Visual Studio Version 16
VisualStudioVersion = 16.0.30621.155
MinimumVisualStudioVersion = 10.0.40219.1
Project("{FAE04EC0-301F-11D3-BF4B-00C04F79EFBC}") = "HW03.Task1", "HW03.Task1\HW03.Task1.csproj", "{212B7475-F948-4387-A98E-D253550FC2CB}"
EndProject
Global
	GlobalSection(SolutionConfigurationPlatforms) = preSolution
		Debug|Any CPU = Debug|Any CPU
		Release|Any CPU = Release|Any CPU
	EndGlobalSection
	GlobalSection(ProjectConfigurationPlatforms) = postSolution
		{212B7475-F948-4387-A98E-D253550FC2CB}.Debug|Any CPU.ActiveCfg = Debug|Any CPU
		{212B7475-F948-4387-A98E-D253550FC2CB}.Debug|Any CPU.Build.0 = Debug|Any CPU
		{212B7475-F948-4387-A98E-D253550FC2CB}.Release|Any CPU.ActiveCfg = Release|Any CPU
		{212B7475-F948-4387-A98E-D253550FC2CB}.Release|Any CPU.Build.0 = Release|Any CPU
	EndGlobalSection
	GlobalSection(SolutionProperties) = preSolution
		HideSolutionNode = FALSE
	EndGlobalSection
	GlobalSection(ExtensibilityGlobals) = postSolution
		SolutionGuid = {15646169-E09A-4A3C-AF09-B94F3F1DC77C}
	EndGlobalSection
EndGlobal
